# generated by rye
# use `rye lock` or `rye sync` to update this lockfile
#
# last locked with the following flags:
#   pre: false
#   features: []
#   all-features: false
#   with-sources: false

-e file:.
absl-py==2.1.0
    # via tensorboard
attrs==23.2.0
    # via cattrs
    # via mlagents
cattrs==1.5.0
    # via mlagents
certifi==2024.2.2
    # via requests
charset-normalizer==3.3.2
    # via requests
cloudpickle==3.0.0
    # via gym
    # via mlagents-envs
colorama==0.4.6
    # via tqdm
filelock==3.14.0
    # via huggingface-hub
    # via mlagents-envs
    # via torch
fsspec==2024.3.1
    # via huggingface-hub
    # via torch
grpcio==1.48.2
    # via mlagents
    # via mlagents-envs
    # via tensorboard
gym==0.26.2
    # via mlagents-envs
    # via pettingzoo
gym-notices==0.0.8
    # via gym
h5py==3.11.0
    # via mlagents
huggingface-hub==0.22.2
    # via mlagents
idna==3.7
    # via requests
jinja2==3.1.3
    # via torch
markdown==3.6
    # via tensorboard
markupsafe==2.1.5
    # via jinja2
    # via werkzeug
mlagents==1.0.0
    # via rikkyo-masterpj
mlagents-envs==1.0.0
    # via mlagents
mpmath==1.3.0
    # via sympy
networkx==3.3
    # via torch
numpy==1.21.2
    # via gym
    # via h5py
    # via mlagents
    # via mlagents-envs
    # via onnx
    # via pettingzoo
    # via tensorboard
    # via torchvision
onnx==1.12.0
    # via mlagents
packaging==24.0
    # via huggingface-hub
pettingzoo==1.15.0
    # via mlagents-envs
pillow==10.3.0
    # via mlagents
    # via mlagents-envs
    # via torchvision
protobuf==3.19.6
    # via mlagents
    # via mlagents-envs
    # via onnx
    # via tensorboard
pypiwin32==223
    # via mlagents
pywin32==306
    # via pypiwin32
pyyaml==6.0.1
    # via huggingface-hub
    # via mlagents
    # via mlagents-envs
requests==2.31.0
    # via huggingface-hub
six==1.16.0
    # via grpcio
    # via mlagents
    # via tensorboard
sympy==1.12
    # via torch
tensorboard==2.16.2
    # via mlagents
tensorboard-data-server==0.7.2
    # via tensorboard
torch==2.2.2+cu118
    # via mlagents
    # via rikkyo-masterpj
    # via torchaudio
    # via torchvision
torchaudio==2.2.2+cu118
    # via rikkyo-masterpj
torchvision==0.17.2+cu118
    # via rikkyo-masterpj
tqdm==4.66.2
    # via huggingface-hub
typing-extensions==4.11.0
    # via huggingface-hub
    # via onnx
    # via torch
urllib3==2.2.1
    # via requests
werkzeug==3.0.2
    # via tensorboard
setuptools==69.5.1
    # via tensorboard
