# generated by rye
# use `rye lock` or `rye sync` to update this lockfile
#
# last locked with the following flags:
#   pre: false
#   features: []
#   all-features: false
#   with-sources: false

-e file:.
absl-py==2.1.0
    # via tensorboard
asttokens==2.4.1
    # via stack-data
attrs==23.2.0
    # via cattrs
    # via mlagents
cattrs==1.5.0
    # via mlagents
certifi==2024.2.2
    # via requests
charset-normalizer==3.3.2
    # via requests
cloudpickle==3.0.0
    # via gym
    # via mlagents-envs
colorama==0.4.6
    # via ipython
    # via tqdm
comm==0.2.2
    # via ipykernel
contourpy==1.2.1
    # via matplotlib
cycler==0.12.1
    # via matplotlib
debugpy==1.8.7
    # via ipykernel
decorator==5.1.1
    # via ipython
exceptiongroup==1.2.2
    # via ipython
executing==2.1.0
    # via stack-data
filelock==3.14.0
    # via huggingface-hub
    # via mlagents-envs
    # via torch
fonttools==4.54.1
    # via matplotlib
fsspec==2024.3.1
    # via huggingface-hub
    # via torch
grpcio==1.48.2
    # via mlagents
    # via mlagents-envs
    # via tensorboard
gym==0.26.2
    # via mlagents-envs
    # via pettingzoo
gym-notices==0.0.8
    # via gym
h5py==3.11.0
    # via mlagents
huggingface-hub==0.22.2
    # via mlagents
idna==3.7
    # via requests
ipykernel==6.29.5
    # via rikkyo-masterpj
ipython==8.29.0
    # via ipykernel
japanize-matplotlib==1.1.3
    # via rikkyo-masterpj
jedi==0.19.1
    # via ipython
jinja2==3.1.3
    # via torch
jupyter-client==8.6.3
    # via ipykernel
jupyter-core==5.7.2
    # via ipykernel
    # via jupyter-client
kiwisolver==1.4.7
    # via matplotlib
markdown==3.6
    # via tensorboard
markupsafe==2.1.5
    # via jinja2
    # via werkzeug
matplotlib==3.8.4
    # via japanize-matplotlib
    # via rikkyo-masterpj
matplotlib-inline==0.1.7
    # via ipykernel
    # via ipython
mlagents==1.0.0
    # via rikkyo-masterpj
mlagents-envs==1.0.0
    # via mlagents
mpmath==1.3.0
    # via sympy
nest-asyncio==1.6.0
    # via ipykernel
networkx==3.3
    # via torch
numpy==1.21.2
    # via contourpy
    # via gym
    # via h5py
    # via matplotlib
    # via mlagents
    # via mlagents-envs
    # via onnx
    # via pandas
    # via pettingzoo
    # via tensorboard
    # via torchvision
onnx==1.12.0
    # via mlagents
packaging==24.0
    # via huggingface-hub
    # via ipykernel
    # via matplotlib
pandas==2.0.3
    # via rikkyo-masterpj
parso==0.8.4
    # via jedi
pettingzoo==1.15.0
    # via mlagents-envs
pillow==10.3.0
    # via matplotlib
    # via mlagents
    # via mlagents-envs
    # via torchvision
platformdirs==4.3.6
    # via jupyter-core
prompt-toolkit==3.0.48
    # via ipython
protobuf==3.19.6
    # via mlagents
    # via mlagents-envs
    # via onnx
    # via tensorboard
psutil==6.1.0
    # via ipykernel
pure-eval==0.2.3
    # via stack-data
pygments==2.18.0
    # via ipython
pyparsing==3.2.0
    # via matplotlib
pypiwin32==223
    # via mlagents
python-dateutil==2.9.0.post0
    # via jupyter-client
    # via matplotlib
    # via pandas
pytz==2024.2
    # via pandas
pywin32==306
    # via jupyter-core
    # via pypiwin32
pyyaml==6.0.1
    # via huggingface-hub
    # via mlagents
    # via mlagents-envs
pyzmq==26.2.0
    # via ipykernel
    # via jupyter-client
requests==2.31.0
    # via huggingface-hub
six==1.16.0
    # via asttokens
    # via grpcio
    # via mlagents
    # via python-dateutil
    # via tensorboard
stack-data==0.6.3
    # via ipython
sympy==1.12
    # via torch
tensorboard==2.16.2
    # via mlagents
tensorboard-data-server==0.7.2
    # via tensorboard
torch==2.2.2+cu118
    # via mlagents
    # via rikkyo-masterpj
    # via torchaudio
    # via torchvision
torchaudio==2.2.2+cu118
    # via rikkyo-masterpj
torchvision==0.17.2+cu118
    # via rikkyo-masterpj
tornado==6.4.1
    # via ipykernel
    # via jupyter-client
tqdm==4.66.2
    # via huggingface-hub
traitlets==5.14.3
    # via comm
    # via ipykernel
    # via ipython
    # via jupyter-client
    # via jupyter-core
    # via matplotlib-inline
typing-extensions==4.11.0
    # via huggingface-hub
    # via ipython
    # via onnx
    # via torch
tzdata==2024.2
    # via pandas
urllib3==2.2.1
    # via requests
wcwidth==0.2.13
    # via prompt-toolkit
werkzeug==3.0.2
    # via tensorboard
setuptools==69.5.1
    # via tensorboard
